
Microsoft Visual Studio Solution File, Format Version 12.00
# Visual Studio Version 16
VisualStudioVersion = 16.0.30523.141
MinimumVisualStudioVersion = 10.0.40219.1
Project("{9A19103F-16F7-4668-BE54-9A1E7A4F7556}") = "RoutingExample", "RoutingExample\RoutingExample.csproj", "{C5FDA1A6-D6CA-4C3B-ABA8-8487E95A1216}"
EndProject
Project("{FAE04EC0-301F-11D3-BF4B-00C04F79EFBC}") = "ViewActivationExample", "ViewActivationExample\ViewActivationExample.csproj", "{8651A595-8B91-452B-A5DA-57214015C309}"
EndProject
Global
	GlobalSection(SolutionConfigurationPlatforms) = preSolution
		Debug|Any CPU = Debug|Any CPU
		Release|Any CPU = Release|Any CPU
	EndGlobalSection
	GlobalSection(ProjectConfigurationPlatforms) = postSolution
		{C5FDA1A6-D6CA-4C3B-ABA8-8487E95A1216}.Debug|Any CPU.ActiveCfg = Debug|Any CPU
		{C5FDA1A6-D6CA-4C3B-ABA8-8487E95A1216}.Debug|Any CPU.Build.0 = Debug|Any CPU
		{C5FDA1A6-D6CA-4C3B-ABA8-8487E95A1216}.Release|Any CPU.ActiveCfg = Release|Any CPU
		{C5FDA1A6-D6CA-4C3B-ABA8-8487E95A1216}.Release|Any CPU.Build.0 = Release|Any CPU
		{8651A595-8B91-452B-A5DA-57214015C309}.Debug|Any CPU.ActiveCfg = Debug|Any CPU
		{8651A595-8B91-452B-A5DA-57214015C309}.Debug|Any CPU.Build.0 = Debug|Any CPU
		{8651A595-8B91-452B-A5DA-57214015C309}.Release|Any CPU.ActiveCfg = Release|Any CPU
		{8651A595-8B91-452B-A5DA-57214015C309}.Release|Any CPU.Build.0 = Release|Any CPU
	EndGlobalSection
	GlobalSection(SolutionProperties) = preSolution
		HideSolutionNode = FALSE
	EndGlobalSection
	GlobalSection(ExtensibilityGlobals) = postSolution
		SolutionGuid = {EA50BD20-44C8-4B2E-986A-C7DCAFF437B1}
	EndGlobalSection
EndGlobal
